
Microsoft Visual Studio Solution File, Format Version 12.00
# Visual Studio Version 16
VisualStudioVersion = 16.0.33328.57
MinimumVisualStudioVersion = 10.0.40219.1
Project("{FAE04EC0-301F-11D3-BF4B-00C04F79EFBC}") = "JPGviewer", "JPGviewer.csproj", "{78F8501E-DBDC-4F44-8B31-AD90D0F9DCD4}"
EndProject
Global
	GlobalSection(SolutionConfigurationPlatforms) = preSolution
		Debug|Any CPU = Debug|Any CPU
		Release|Any CPU = Release|Any CPU
	EndGlobalSection
	GlobalSection(ProjectConfigurationPlatforms) = postSolution
		{78F8501E-DBDC-4F44-8B31-AD90D0F9DCD4}.Debug|Any CPU.ActiveCfg = Debug|Any CPU
		{78F8501E-DBDC-4F44-8B31-AD90D0F9DCD4}.Debug|Any CPU.Build.0 = Debug|Any CPU
		{78F8501E-DBDC-4F44-8B31-AD90D0F9DCD4}.Release|Any CPU.ActiveCfg = Release|Any CPU
		{78F8501E-DBDC-4F44-8B31-AD90D0F9DCD4}.Release|Any CPU.Build.0 = Release|Any CPU
	EndGlobalSection
	GlobalSection(SolutionProperties) = preSolution
		HideSolutionNode = FALSE
	EndGlobalSection
	GlobalSection(ExtensibilityGlobals) = postSolution
		SolutionGuid = {2CCC1F9A-9A65-470D-B56B-9C352DD40377}
	EndGlobalSection
EndGlobal
